
Microsoft Visual Studio Solution File, Format Version 12.00
# Visual Studio Version 17
VisualStudioVersion = 17.12.35707.178 d17.12
MinimumVisualStudioVersion = 10.0.40219.1
Project("{2150E333-8FDC-42A3-9474-1A3956D46DE8}") = "Chat.Domain", "Chat.Domain", "{97858B3A-1BEE-48FD-A4AD-91A17121396A}"
EndProject
Project("{2150E333-8FDC-42A3-9474-1A3956D46DE8}") = "Chat.Data", "Chat.Data", "{6D8B97E1-E6AA-4A38-A9CE-BBD426F5F761}"
EndProject
Project("{2150E333-8FDC-42A3-9474-1A3956D46DE8}") = "Chat.Application", "Chat.Application", "{90CC541F-A42A-49DE-A496-D88A2FA61775}"
EndProject
Project("{2150E333-8FDC-42A3-9474-1A3956D46DE8}") = "Chat.IOC", "Chat.IOC", "{EE69C384-A3D6-4354-BDD4-3263419B9E19}"
EndProject
Project("{FAE04EC0-301F-11D3-BF4B-00C04F79EFBC}") = "Chat.Domain", "Chat.Domain\Chat.Domain.csproj", "{CCC590DC-354E-4CCD-B82B-3C9005B5349F}"
EndProject
Project("{FAE04EC0-301F-11D3-BF4B-00C04F79EFBC}") = "Chat.Data", "Chat.Data\Chat.Data.csproj", "{0CBD40D3-5655-4249-8C3D-ACC11D97C4DF}"
EndProject
Project("{FAE04EC0-301F-11D3-BF4B-00C04F79EFBC}") = "Chat.Application", "Chat.Application\Chat.Application.csproj", "{7373F11C-29AA-4CD2-B200-F48A923D82D3}"
EndProject
Project("{FAE04EC0-301F-11D3-BF4B-00C04F79EFBC}") = "Chat.IOC", "Chat.IOC\Chat.IOC.csproj", "{6A3E0C1F-C453-4941-B62D-B7C4DF7EDA25}"
EndProject
Project("{2150E333-8FDC-42A3-9474-1A3956D46DE8}") = "Chat.Web", "Chat.Web", "{9B33773F-CCF7-4DC3-89E4-BEFA9F38D673}"
EndProject
Project("{FAE04EC0-301F-11D3-BF4B-00C04F79EFBC}") = "Chat.Web", "Chat.Web\Chat.Web\Chat.Web.csproj", "{786B125F-EB50-4887-833F-CFE67997C50D}"
EndProject
Global
	GlobalSection(SolutionConfigurationPlatforms) = preSolution
		Debug|Any CPU = Debug|Any CPU
		Release|Any CPU = Release|Any CPU
	EndGlobalSection
	GlobalSection(ProjectConfigurationPlatforms) = postSolution
		{CCC590DC-354E-4CCD-B82B-3C9005B5349F}.Debug|Any CPU.ActiveCfg = Debug|Any CPU
		{CCC590DC-354E-4CCD-B82B-3C9005B5349F}.Debug|Any CPU.Build.0 = Debug|Any CPU
		{CCC590DC-354E-4CCD-B82B-3C9005B5349F}.Release|Any CPU.ActiveCfg = Release|Any CPU
		{CCC590DC-354E-4CCD-B82B-3C9005B5349F}.Release|Any CPU.Build.0 = Release|Any CPU
		{0CBD40D3-5655-4249-8C3D-ACC11D97C4DF}.Debug|Any CPU.ActiveCfg = Debug|Any CPU
		{0CBD40D3-5655-4249-8C3D-ACC11D97C4DF}.Debug|Any CPU.Build.0 = Debug|Any CPU
		{0CBD40D3-5655-4249-8C3D-ACC11D97C4DF}.Release|Any CPU.ActiveCfg = Release|Any CPU
		{0CBD40D3-5655-4249-8C3D-ACC11D97C4DF}.Release|Any CPU.Build.0 = Release|Any CPU
		{7373F11C-29AA-4CD2-B200-F48A923D82D3}.Debug|Any CPU.ActiveCfg = Debug|Any CPU
		{7373F11C-29AA-4CD2-B200-F48A923D82D3}.Debug|Any CPU.Build.0 = Debug|Any CPU
		{7373F11C-29AA-4CD2-B200-F48A923D82D3}.Release|Any CPU.ActiveCfg = Release|Any CPU
		{7373F11C-29AA-4CD2-B200-F48A923D82D3}.Release|Any CPU.Build.0 = Release|Any CPU
		{6A3E0C1F-C453-4941-B62D-B7C4DF7EDA25}.Debug|Any CPU.ActiveCfg = Debug|Any CPU
		{6A3E0C1F-C453-4941-B62D-B7C4DF7EDA25}.Debug|Any CPU.Build.0 = Debug|Any CPU
		{6A3E0C1F-C453-4941-B62D-B7C4DF7EDA25}.Release|Any CPU.ActiveCfg = Release|Any CPU
		{6A3E0C1F-C453-4941-B62D-B7C4DF7EDA25}.Release|Any CPU.Build.0 = Release|Any CPU
		{786B125F-EB50-4887-833F-CFE67997C50D}.Debug|Any CPU.ActiveCfg = Debug|Any CPU
		{786B125F-EB50-4887-833F-CFE67997C50D}.Debug|Any CPU.Build.0 = Debug|Any CPU
		{786B125F-EB50-4887-833F-CFE67997C50D}.Release|Any CPU.ActiveCfg = Release|Any CPU
		{786B125F-EB50-4887-833F-CFE67997C50D}.Release|Any CPU.Build.0 = Release|Any CPU
		{786B125F-EB50-4887-833F-CFE67997C50D}.Debug|Any CPU.Deploy.0 = Debug|Any CPU
	EndGlobalSection
	GlobalSection(SolutionProperties) = preSolution
		HideSolutionNode = FALSE
	EndGlobalSection
	GlobalSection(NestedProjects) = preSolution
		{CCC590DC-354E-4CCD-B82B-3C9005B5349F} = {97858B3A-1BEE-48FD-A4AD-91A17121396A}
		{0CBD40D3-5655-4249-8C3D-ACC11D97C4DF} = {6D8B97E1-E6AA-4A38-A9CE-BBD426F5F761}
		{7373F11C-29AA-4CD2-B200-F48A923D82D3} = {90CC541F-A42A-49DE-A496-D88A2FA61775}
		{6A3E0C1F-C453-4941-B62D-B7C4DF7EDA25} = {EE69C384-A3D6-4354-BDD4-3263419B9E19}
		{786B125F-EB50-4887-833F-CFE67997C50D} = {9B33773F-CCF7-4DC3-89E4-BEFA9F38D673}
	EndGlobalSection
EndGlobal
