
Microsoft Visual Studio Solution File, Format Version 12.00
# Visual Studio Version 17
VisualStudioVersion = 17.12.35707.178 d17.12
MinimumVisualStudioVersion = 10.0.40219.1
Project("{FAE04EC0-301F-11D3-BF4B-00C04F79EFBC}") = "ChatApp", "ChatApp\ChatApp.csproj", "{C54AB3F9-5578-41F5-AB3F-176B840ABF84}"
EndProject
Project("{FAE04EC0-301F-11D3-BF4B-00C04F79EFBC}") = "DataLayer", "DataLayer\DataLayer.csproj", "{BEBF20FC-4C42-458B-8A47-DF490F31039D}"
EndProject
Global
	GlobalSection(SolutionConfigurationPlatforms) = preSolution
		Debug|Any CPU = Debug|Any CPU
		Release|Any CPU = Release|Any CPU
	EndGlobalSection
	GlobalSection(ProjectConfigurationPlatforms) = postSolution
		{C54AB3F9-5578-41F5-AB3F-176B840ABF84}.Debug|Any CPU.ActiveCfg = Debug|Any CPU
		{C54AB3F9-5578-41F5-AB3F-176B840ABF84}.Debug|Any CPU.Build.0 = Debug|Any CPU
		{C54AB3F9-5578-41F5-AB3F-176B840ABF84}.Release|Any CPU.ActiveCfg = Release|Any CPU
		{C54AB3F9-5578-41F5-AB3F-176B840ABF84}.Release|Any CPU.Build.0 = Release|Any CPU
		{BEBF20FC-4C42-458B-8A47-DF490F31039D}.Debug|Any CPU.ActiveCfg = Debug|Any CPU
		{BEBF20FC-4C42-458B-8A47-DF490F31039D}.Debug|Any CPU.Build.0 = Debug|Any CPU
		{BEBF20FC-4C42-458B-8A47-DF490F31039D}.Release|Any CPU.ActiveCfg = Release|Any CPU
		{BEBF20FC-4C42-458B-8A47-DF490F31039D}.Release|Any CPU.Build.0 = Release|Any CPU
	EndGlobalSection
	GlobalSection(SolutionProperties) = preSolution
		HideSolutionNode = FALSE
	EndGlobalSection
EndGlobal
